// !$*UTF8*$!
{
	archiveVersion = 1;
	classes = {
	};
	objectVersion = 50;
	objects = {

/* Begin PBXBuildFile section */
		9712F959255DF0E6002A268F /* CircleTransitionApp.swift in Sources */ = {isa = PBXBuildFile; fileRef = 9712F958255DF0E6002A268F /* CircleTransitionApp.swift */; };
		9712F95B255DF0E6002A268F /* ContentView.swift in Sources */ = {isa = PBXBuildFile; fileRef = 9712F95A255DF0E6002A268F /* ContentView.swift */; };
		9712F95D255DF0E6002A268F /* Assets.xcassets in Resources */ = {isa = PBXBuildFile; fileRef = 9712F95C255DF0E6002A268F /* Assets.xcassets */; };
		9712F960255DF0E6002A268F /* Preview Assets.xcassets in Resources */ = {isa = PBXBuildFile; fileRef = 9712F95F255DF0E6002A268F /* Preview Assets.xcassets */; };
		9712F96B255DF0E6002A268F /* CircleTransitionTests.swift in Sources */ = {isa = PBXBuildFile; fileRef = 9712F96A255DF0E6002A268F /* CircleTransitionTests.swift */; };
		9712F976255DF0E6002A268F /* CircleTransitionUITests.swift in Sources */ = {isa = PBXBuildFile; fileRef = 9712F975255DF0E6002A268F /* CircleTransitionUITests.swift */; };
/* End PBXBuildFile section */

/* Begin PBXContainerItemProxy section */
		9712F967255DF0E6002A268F /* PBXContainerItemProxy */ = {
			isa = PBXContainerItemProxy;
			containerPortal = 9712F94D255DF0E5002A268F /* Project object */;
			proxyType = 1;
			remoteGlobalIDString = 9712F954255DF0E6002A268F;
			remoteInfo = CircleTransition;
		};
		9712F972255DF0E6002A268F /* PBXContainerItemProxy */ = {
			isa = PBXContainerItemProxy;
			containerPortal = 9712F94D255DF0E5002A268F /* Project object */;
			proxyType = 1;
			remoteGlobalIDString = 9712F954255DF0E6002A268F;
			remoteInfo = CircleTransition;
		};
/* End PBXContainerItemProxy section */

/* Begin PBXFileReference section */
		9712F955255DF0E6002A268F /* CircleTransition.app */ = {isa = PBXFileReference; explicitFileType = wrapper.application; includeInIndex = 0; path = CircleTransition.app; sourceTree = BUILT_PRODUCTS_DIR; };
		9712F958255DF0E6002A268F /* CircleTransitionApp.swift */ = {isa = PBXFileReference; lastKnownFileType = sourcecode.swift; path = CircleTransitionApp.swift; sourceTree = "<group>"; };
		9712F95A255DF0E6002A268F /* ContentView.swift */ = {isa = PBXFileReference; lastKnownFileType = sourcecode.swift; path = ContentView.swift; sourceTree = "<group>"; };
		9712F95C255DF0E6002A268F /* Assets.xcassets */ = {isa = PBXFileReference; lastKnownFileType = folder.assetcatalog; path = Assets.xcassets; sourceTree = "<group>"; };
		9712F95F255DF0E6002A268F /* Preview Assets.xcassets */ = {isa = PBXFileReference; lastKnownFileType = folder.assetcatalog; path = "Preview Assets.xcassets"; sourceTree = "<group>"; };
		9712F961255DF0E6002A268F /* Info.plist */ = {isa = PBXFileReference; lastKnownFileType = text.plist.xml; path = Info.plist; sourceTree = "<group>"; };
		9712F966255DF0E6002A268F /* CircleTransitionTests.xctest */ = {isa = PBXFileReference; explicitFileType = wrapper.cfbundle; includeInIndex = 0; path = CircleTransitionTests.xctest; sourceTree = BUILT_PRODUCTS_DIR; };
		9712F96A255DF0E6002A268F /* CircleTransitionTests.swift */ = {isa = PBXFileReference; lastKnownFileType = sourcecode.swift; path = CircleTransitionTests.swift; sourceTree = "<group>"; };
		9712F96C255DF0E6002A268F /* Info.plist */ = {isa = PBXFileReference; lastKnownFileType = text.plist.xml; path = Info.plist; sourceTree = "<group>"; };
		9712F971255DF0E6002A268F /* CircleTransitionUITests.xctest */ = {isa = PBXFileReference; explicitFileType = wrapper.cfbundle; includeInIndex = 0; path = CircleTransitionUITests.xctest; sourceTree = BUILT_PRODUCTS_DIR; };
		9712F975255DF0E6002A268F /* CircleTransitionUITests.swift */ = {isa = PBXFileReference; lastKnownFileType = sourcecode.swift; path = CircleTransitionUITests.swift; sourceTree = "<group>"; };
		9712F977255DF0E6002A268F /* Info.plist */ = {isa = PBXFileReference; lastKnownFileType = text.plist.xml; path = Info.plist; sourceTree = "<group>"; };
/* End PBXFileReference section */

/* Begin PBXFrameworksBuildPhase section */
		9712F952255DF0E6002A268F /* Frameworks */ = {
			isa = PBXFrameworksBuildPhase;
			buildActionMask = 2147483647;
			files = (
			);
			runOnlyForDeploymentPostprocessing = 0;
		};
		9712F963255DF0E6002A268F /* Frameworks */ = {
			isa = PBXFrameworksBuildPhase;
			buildActionMask = 2147483647;
			files = (
			);
			runOnlyForDeploymentPostprocessing = 0;
		};
		9712F96E255DF0E6002A268F /* Frameworks */ = {
			isa = PBXFrameworksBuildPhase;
			buildActionMask = 2147483647;
			files = (
			);
			runOnlyForDeploymentPostprocessing = 0;
		};
/* End PBXFrameworksBuildPhase section */

/* Begin PBXGroup section */
		9712F94C255DF0E5002A268F = {
			isa = PBXGroup;
			children = (
				9712F957255DF0E6002A268F /* CircleTransition */,
				9712F969255DF0E6002A268F /* CircleTransitionTests */,
				9712F974255DF0E6002A268F /* CircleTransitionUITests */,
				9712F956255DF0E6002A268F /* Products */,
			);
			sourceTree = "<group>";
		};
		9712F956255DF0E6002A268F /* Products */ = {
			isa = PBXGroup;
			children = (
				9712F955255DF0E6002A268F /* CircleTransition.app */,
				9712F966255DF0E6002A268F /* CircleTransitionTests.xctest */,
				9712F971255DF0E6002A268F /* CircleTransitionUITests.xctest */,
			);
			name = Products;
			sourceTree = "<group>";
		};
		9712F957255DF0E6002A268F /* CircleTransition */ = {
			isa = PBXGroup;
			children = (
				9712F958255DF0E6002A268F /* CircleTransitionApp.swift */,
				9712F95A255DF0E6002A268F /* ContentView.swift */,
				9712F95C255DF0E6002A268F /* Assets.xcassets */,
				9712F961255DF0E6002A268F /* Info.plist */,
				9712F95E255DF0E6002A268F /* Preview Content */,
			);
			path = CircleTransition;
			sourceTree = "<group>";
		};
		9712F95E255DF0E6002A268F /* Preview Content */ = {
			isa = PBXGroup;
			children = (
				9712F95F255DF0E6002A268F /* Preview Assets.xcassets */,
			);
			path = "Preview Content";
			sourceTree = "<group>";
		};
		9712F969255DF0E6002A268F /* CircleTransitionTests */ = {
			isa = PBXGroup;
			children = (
				9712F96A255DF0E6002A268F /* CircleTransitionTests.swift */,
				9712F96C255DF0E6002A268F /* Info.plist */,
			);
			path = CircleTransitionTests;
			sourceTree = "<group>";
		};
		9712F974255DF0E6002A268F /* CircleTransitionUITests */ = {
			isa = PBXGroup;
			children = (
				9712F975255DF0E6002A268F /* CircleTransitionUITests.swift */,
				9712F977255DF0E6002A268F /* Info.plist */,
			);
			path = CircleTransitionUITests;
			sourceTree = "<group>";
		};
/* End PBXGroup section */

/* Begin PBXNativeTarget section */
		9712F954255DF0E6002A268F /* CircleTransition */ = {
			isa = PBXNativeTarget;
			buildConfigurationList = 9712F97A255DF0E6002A268F /* Build configuration list for PBXNativeTarget "CircleTransition" */;
			buildPhases = (
				9712F951255DF0E6002A268F /* Sources */,
				9712F952255DF0E6002A268F /* Frameworks */,
				9712F953255DF0E6002A268F /* Resources */,
			);
			buildRules = (
			);
			dependencies = (
			);
			name = CircleTransition;
			productName = CircleTransition;
			productReference = 9712F955255DF0E6002A268F /* CircleTransition.app */;
			productType = "com.apple.product-type.application";
		};
		9712F965255DF0E6002A268F /* CircleTransitionTests */ = {
			isa = PBXNativeTarget;
			buildConfigurationList = 9712F97D255DF0E6002A268F /* Build configuration list for PBXNativeTarget "CircleTransitionTests" */;
			buildPhases = (
				9712F962255DF0E6002A268F /* Sources */,
				9712F963255DF0E6002A268F /* Frameworks */,
				9712F964255DF0E6002A268F /* Resources */,
			);
			buildRules = (
			);
			dependencies = (
				9712F968255DF0E6002A268F /* PBXTargetDependency */,
			);
			name = CircleTransitionTests;
			productName = CircleTransitionTests;
			productReference = 9712F966255DF0E6002A268F /* CircleTransitionTests.xctest */;
			productType = "com.apple.product-type.bundle.unit-test";
		};
		9712F970255DF0E6002A268F /* CircleTransitionUITests */ = {
			isa = PBXNativeTarget;
			buildConfigurationList = 9712F980255DF0E6002A268F /* Build configuration list for PBXNativeTarget "CircleTransitionUITests" */;
			buildPhases = (
				9712F96D255DF0E6002A268F /* Sources */,
				9712F96E255DF0E6002A268F /* Frameworks */,
				9712F96F255DF0E6002A268F /* Resources */,
			);
			buildRules = (
			);
			dependencies = (
				9712F973255DF0E6002A268F /* PBXTargetDependency */,
			);
			name = CircleTransitionUITests;
			productName = CircleTransitionUITests;
			productReference = 9712F971255DF0E6002A268F /* CircleTransitionUITests.xctest */;
			productType = "com.apple.product-type.bundle.ui-testing";
		};
/* End PBXNativeTarget section */

/* Begin PBXProject section */
		9712F94D255DF0E5002A268F /* Project object */ = {
			isa = PBXProject;
			attributes = {
				LastSwiftUpdateCheck = 1210;
				LastUpgradeCheck = 1210;
				TargetAttributes = {
					9712F954255DF0E6002A268F = {
						CreatedOnToolsVersion = 12.1;
					};
					9712F965255DF0E6002A268F = {
						CreatedOnToolsVersion = 12.1;
						TestTargetID = 9712F954255DF0E6002A268F;
					};
					9712F970255DF0E6002A268F = {
						CreatedOnToolsVersion = 12.1;
						TestTargetID = 9712F954255DF0E6002A268F;
					};
				};
			};
			buildConfigurationList = 9712F950255DF0E5002A268F /* Build configuration list for PBXProject "CircleTransition" */;
			compatibilityVersion = "Xcode 9.3";
			developmentRegion = en;
			hasScannedForEncodings = 0;
			knownRegions = (
				en,
				Base,
			);
			mainGroup = 9712F94C255DF0E5002A268F;
			productRefGroup = 9712F956255DF0E6002A268F /* Products */;
			projectDirPath = "";
			projectRoot = "";
			targets = (
				9712F954255DF0E6002A268F /* CircleTransition */,
				9712F965255DF0E6002A268F /* CircleTransitionTests */,
				9712F970255DF0E6002A268F /* CircleTransitionUITests */,
			);
		};
/* End PBXProject section */

/* Begin PBXResourcesBuildPhase section */
		9712F953255DF0E6002A268F /* Resources */ = {
			isa = PBXResourcesBuildPhase;
			buildActionMask = 2147483647;
			files = (
				9712F960255DF0E6002A268F /* Preview Assets.xcassets in Resources */,
				9712F95D255DF0E6002A268F /* Assets.xcassets in Resources */,
			);
			runOnlyForDeploymentPostprocessing = 0;
		};
		9712F964255DF0E6002A268F /* Resources */ = {
			isa = PBXResourcesBuildPhase;
			buildActionMask = 2147483647;
			files = (
			);
			runOnlyForDeploymentPostprocessing = 0;
		};
		9712F96F255DF0E6002A268F /* Resources */ = {
			isa = PBXResourcesBuildPhase;
			buildActionMask = 2147483647;
			files = (
			);
			runOnlyForDeploymentPostprocessing = 0;
		};
/* End PBXResourcesBuildPhase section */

/* Begin PBXSourcesBuildPhase section */
		9712F951255DF0E6002A268F /* Sources */ = {
			isa = PBXSourcesBuildPhase;
			buildActionMask = 2147483647;
			files = (
				9712F95B255DF0E6002A268F /* ContentView.swift in Sources */,
				9712F959255DF0E6002A268F /* CircleTransitionApp.swift in Sources */,
			);
			runOnlyForDeploymentPostprocessing = 0;
		};
		9712F962255DF0E6002A268F /* Sources */ = {
			isa = PBXSourcesBuildPhase;
			buildActionMask = 2147483647;
			files = (
				9712F96B255DF0E6002A268F /* CircleTransitionTests.swift in Sources */,
			);
			runOnlyForDeploymentPostprocessing = 0;
		};
		9712F96D255DF0E6002A268F /* Sources */ = {
			isa = PBXSourcesBuildPhase;
			buildActionMask = 2147483647;
			files = (
				9712F976255DF0E6002A268F /* CircleTransitionUITests.swift in Sources */,
			);
			runOnlyForDeploymentPostprocessing = 0;
		};
/* End PBXSourcesBuildPhase section */

/* Begin PBXTargetDependency section */
		9712F968255DF0E6002A268F /* PBXTargetDependency */ = {
			isa = PBXTargetDependency;
			target = 9712F954255DF0E6002A268F /* CircleTransition */;
			targetProxy = 9712F967255DF0E6002A268F /* PBXContainerItemProxy */;
		};
		9712F973255DF0E6002A268F /* PBXTargetDependency */ = {
			isa = PBXTargetDependency;
			target = 9712F954255DF0E6002A268F /* CircleTransition */;
			targetProxy = 9712F972255DF0E6002A268F /* PBXContainerItemProxy */;
		};
/* End PBXTargetDependency section */

/* Begin XCBuildConfiguration section */
		9712F978255DF0E6002A268F /* Debug */ = {
			isa = XCBuildConfiguration;
			buildSettings = {
				ALWAYS_SEARCH_USER_PATHS = NO;
				CLANG_ANALYZER_NONNULL = YES;
				CLANG_ANALYZER_NUMBER_OBJECT_CONVERSION = YES_AGGRESSIVE;
				CLANG_CXX_LANGUAGE_STANDARD = "gnu++14";
				CLANG_CXX_LIBRARY = "libc++";
				CLANG_ENABLE_MODULES = YES;
				CLANG_ENABLE_OBJC_ARC = YES;
				CLANG_ENABLE_OBJC_WEAK = YES;
				CLANG_WARN_BLOCK_CAPTURE_AUTORELEASING = YES;
				CLANG_WARN_BOOL_CONVERSION = YES;
				CLANG_WARN_COMMA = YES;
				CLANG_WARN_CONSTANT_CONVERSION = YES;
				CLANG_WARN_DEPRECATED_OBJC_IMPLEMENTATIONS = YES;
				CLANG_WARN_DIRECT_OBJC_ISA_USAGE = YES_ERROR;
				CLANG_WARN_DOCUMENTATION_COMMENTS = YES;
				CLANG_WARN_EMPTY_BODY = YES;
				CLANG_WARN_ENUM_CONVERSION = YES;
				CLANG_WARN_INFINITE_RECURSION = YES;
				CLANG_WARN_INT_CONVERSION = YES;
				CLANG_WARN_NON_LITERAL_NULL_CONVERSION = YES;
				CLANG_WARN_OBJC_IMPLICIT_RETAIN_SELF = YES;
				CLANG_WARN_OBJC_LITERAL_CONVERSION = YES;
				CLANG_WARN_OBJC_ROOT_CLASS = YES_ERROR;
				CLANG_WARN_QUOTED_INCLUDE_IN_FRAMEWORK_HEADER = YES;
				CLANG_WARN_RANGE_LOOP_ANALYSIS = YES;
				CLANG_WARN_STRICT_PROTOTYPES = YES;
				CLANG_WARN_SUSPICIOUS_MOVE = YES;
				CLANG_WARN_UNGUARDED_AVAILABILITY = YES_AGGRESSIVE;
				CLANG_WARN_UNREACHABLE_CODE = YES;
				CLANG_WARN__DUPLICATE_METHOD_MATCH = YES;
				COPY_PHASE_STRIP = NO;
				DEBUG_INFORMATION_FORMAT = dwarf;
				ENABLE_STRICT_OBJC_MSGSEND = YES;
				ENABLE_TESTABILITY = YES;
				GCC_C_LANGUAGE_STANDARD = gnu11;
				GCC_DYNAMIC_NO_PIC = NO;
				GCC_NO_COMMON_BLOCKS = YES;
				GCC_OPTIMIZATION_LEVEL = 0;
				GCC_PREPROCESSOR_DEFINITIONS = (
					"DEBUG=1",
					"$(inherited)",
				);
				GCC_WARN_64_TO_32_BIT_CONVERSION = YES;
				GCC_WARN_ABOUT_RETURN_TYPE = YES_ERROR;
				GCC_WARN_UNDECLARED_SELECTOR = YES;
				GCC_WARN_UNINITIALIZED_AUTOS = YES_AGGRESSIVE;
				GCC_WARN_UNUSED_FUNCTION = YES;
				GCC_WARN_UNUSED_VARIABLE = YES;
				IPHONEOS_DEPLOYMENT_TARGET = 14.1;
				MTL_ENABLE_DEBUG_INFO = INCLUDE_SOURCE;
				MTL_FAST_MATH = YES;
				ONLY_ACTIVE_ARCH = YES;
				SDKROOT = iphoneos;
				SWIFT_ACTIVE_COMPILATION_CONDITIONS = DEBUG;
				SWIFT_OPTIMIZATION_LEVEL = "-Onone";
			};
			name = Debug;
		};
		9712F979255DF0E6002A268F /* Release */ = {
			isa = XCBuildConfiguration;
			buildSettings = {
				ALWAYS_SEARCH_USER_PATHS = NO;
				CLANG_ANALYZER_NONNULL = YES;
				CLANG_ANALYZER_NUMBER_OBJECT_CONVERSION = YES_AGGRESSIVE;
				CLANG_CXX_LANGUAGE_STANDARD = "gnu++14";
				CLANG_CXX_LIBRARY = "libc++";
				CLANG_ENABLE_MODULES = YES;
				CLANG_ENABLE_OBJC_ARC = YES;
				CLANG_ENABLE_OBJC_WEAK = YES;
				CLANG_WARN_BLOCK_CAPTURE_AUTORELEASING = YES;
				CLANG_WARN_BOOL_CONVERSION = YES;
				CLANG_WARN_COMMA = YES;
				CLANG_WARN_CONSTANT_CONVERSION = YES;
				CLANG_WARN_DEPRECATED_OBJC_IMPLEMENTATIONS = YES;
				CLANG_WARN_DIRECT_OBJC_ISA_USAGE = YES_ERROR;
				CLANG_WARN_DOCUMENTATION_COMMENTS = YES;
				CLANG_WARN_EMPTY_BODY = YES;
				CLANG_WARN_ENUM_CONVERSION = YES;
				CLANG_WARN_INFINITE_RECURSION = YES;
				CLANG_WARN_INT_CONVERSION = YES;
				CLANG_WARN_NON_LITERAL_NULL_CONVERSION = YES;
				CLANG_WARN_OBJC_IMPLICIT_RETAIN_SELF = YES;
				CLANG_WARN_OBJC_LITERAL_CONVERSION = YES;
				CLANG_WARN_OBJC_ROOT_CLASS = YES_ERROR;
				CLANG_WARN_QUOTED_INCLUDE_IN_FRAMEWORK_HEADER = YES;
				CLANG_WARN_RANGE_LOOP_ANALYSIS = YES;
				CLANG_WARN_STRICT_PROTOTYPES = YES;
				CLANG_WARN_SUSPICIOUS_MOVE = YES;
				CLANG_WARN_UNGUARDED_AVAILABILITY = YES_AGGRESSIVE;
				CLANG_WARN_UNREACHABLE_CODE = YES;
				CLANG_WARN__DUPLICATE_METHOD_MATCH = YES;
				COPY_PHASE_STRIP = NO;
				DEBUG_INFORMATION_FORMAT = "dwarf-with-dsym";
				ENABLE_NS_ASSERTIONS = NO;
				ENABLE_STRICT_OBJC_MSGSEND = YES;
				GCC_C_LANGUAGE_STANDARD = gnu11;
				GCC_NO_COMMON_BLOCKS = YES;
				GCC_WARN_64_TO_32_BIT_CONVERSION = YES;
				GCC_WARN_ABOUT_RETURN_TYPE = YES_ERROR;
				GCC_WARN_UNDECLARED_SELECTOR = YES;
				GCC_WARN_UNINITIALIZED_AUTOS = YES_AGGRESSIVE;
				GCC_WARN_UNUSED_FUNCTION = YES;
				GCC_WARN_UNUSED_VARIABLE = YES;
				IPHONEOS_DEPLOYMENT_TARGET = 14.1;
				MTL_ENABLE_DEBUG_INFO = NO;
				MTL_FAST_MATH = YES;
				SDKROOT = iphoneos;
				SWIFT_COMPILATION_MODE = wholemodule;
				SWIFT_OPTIMIZATION_LEVEL = "-O";
				VALIDATE_PRODUCT = YES;
			};
			name = Release;
		};
		9712F97B255DF0E6002A268F /* Debug */ = {
			isa = XCBuildConfiguration;
			buildSettings = {
				ASSETCATALOG_COMPILER_APPICON_NAME = AppIcon;
				ASSETCATALOG_COMPILER_GLOBAL_ACCENT_COLOR_NAME = AccentColor;
				CODE_SIGN_STYLE = Automatic;
				DEVELOPMENT_ASSET_PATHS = "\"CircleTransition/Preview Content\"";
				DEVELOPMENT_TEAM = B33FA55WD3;
				ENABLE_PREVIEWS = YES;
				INFOPLIST_FILE = CircleTransition/Info.plist;
				IPHONEOS_DEPLOYMENT_TARGET = 14.0;
				LD_RUNPATH_SEARCH_PATHS = (
					"$(inherited)",
					"@executable_path/Frameworks",
				);
				PRODUCT_BUNDLE_IDENTIFIER = Maltagliati.CircleTransition;
				PRODUCT_NAME = "$(TARGET_NAME)";
				SWIFT_VERSION = 5.0;
				TARGETED_DEVICE_FAMILY = "1,2";
			};
			name = Debug;
		};
		9712F97C255DF0E6002A268F /* Release */ = {
			isa = XCBuildConfiguration;
			buildSettings = {
				ASSETCATALOG_COMPILER_APPICON_NAME = AppIcon;
				ASSETCATALOG_COMPILER_GLOBAL_ACCENT_COLOR_NAME = AccentColor;
				CODE_SIGN_STYLE = Automatic;
				DEVELOPMENT_ASSET_PATHS = "\"CircleTransition/Preview Content\"";
				DEVELOPMENT_TEAM = B33FA55WD3;
				ENABLE_PREVIEWS = YES;
				INFOPLIST_FILE = CircleTransition/Info.plist;
				IPHONEOS_DEPLOYMENT_TARGET = 14.0;
				LD_RUNPATH_SEARCH_PATHS = (
					"$(inherited)",
					"@executable_path/Frameworks",
				);
				PRODUCT_BUNDLE_IDENTIFIER = Maltagliati.CircleTransition;
				PRODUCT_NAME = "$(TARGET_NAME)";
				SWIFT_VERSION = 5.0;
				TARGETED_DEVICE_FAMILY = "1,2";
			};
			name = Release;
		};
		9712F97E255DF0E6002A268F /* Debug */ = {
			isa = XCBuildConfiguration;
			buildSettings = {
				ALWAYS_EMBED_SWIFT_STANDARD_LIBRARIES = YES;
				BUNDLE_LOADER = "$(TEST_HOST)";
				CODE_SIGN_STYLE = Automatic;
				DEVELOPMENT_TEAM = B33FA55WD3;
				INFOPLIST_FILE = CircleTransitionTests/Info.plist;
				IPHONEOS_DEPLOYMENT_TARGET = 14.0;
				LD_RUNPATH_SEARCH_PATHS = (
					"$(inherited)",
					"@executable_path/Frameworks",
					"@loader_path/Frameworks",
				);
				PRODUCT_BUNDLE_IDENTIFIER = Maltagliati.CircleTransitionTests;
				PRODUCT_NAME = "$(TARGET_NAME)";
				SWIFT_VERSION = 5.0;
				TARGETED_DEVICE_FAMILY = "1,2";
				TEST_HOST = "$(BUILT_PRODUCTS_DIR)/CircleTransition.app/CircleTransition";
			};
			name = Debug;
		};
		9712F97F255DF0E6002A268F /* Release */ = {
			isa = XCBuildConfiguration;
			buildSettings = {
				ALWAYS_EMBED_SWIFT_STANDARD_LIBRARIES = YES;
				BUNDLE_LOADER = "$(TEST_HOST)";
				CODE_SIGN_STYLE = Automatic;
				DEVELOPMENT_TEAM = B33FA55WD3;
				INFOPLIST_FILE = CircleTransitionTests/Info.plist;
				IPHONEOS_DEPLOYMENT_TARGET = 14.0;
				LD_RUNPATH_SEARCH_PATHS = (
					"$(inherited)",
					"@executable_path/Frameworks",
					"@loader_path/Frameworks",
				);
				PRODUCT_BUNDLE_IDENTIFIER = Maltagliati.CircleTransitionTests;
				PRODUCT_NAME = "$(TARGET_NAME)";
				SWIFT_VERSION = 5.0;
				TARGETED_DEVICE_FAMILY = "1,2";
				TEST_HOST = "$(BUILT_PRODUCTS_DIR)/CircleTransition.app/CircleTransition";
			};
			name = Release;
		};
		9712F981255DF0E6002A268F /* Debug */ = {
			isa = XCBuildConfiguration;
			buildSettings = {
				ALWAYS_EMBED_SWIFT_STANDARD_LIBRARIES = YES;
				CODE_SIGN_STYLE = Automatic;
				DEVELOPMENT_TEAM = B33FA55WD3;
				INFOPLIST_FILE = CircleTransitionUITests/Info.plist;
				LD_RUNPATH_SEARCH_PATHS = (
					"$(inherited)",
					"@executable_path/Frameworks",
					"@loader_path/Frameworks",
				);
				PRODUCT_BUNDLE_IDENTIFIER = Maltagliati.CircleTransitionUITests;
				PRODUCT_NAME = "$(TARGET_NAME)";
				SWIFT_VERSION = 5.0;
				TARGETED_DEVICE_FAMILY = "1,2";
				TEST_TARGET_NAME = CircleTransition;
			};
			name = Debug;
		};
		9712F982255DF0E6002A268F /* Release */ = {
			isa = XCBuildConfiguration;
			buildSettings = {
				ALWAYS_EMBED_SWIFT_STANDARD_LIBRARIES = YES;
				CODE_SIGN_STYLE = Automatic;
				DEVELOPMENT_TEAM = B33FA55WD3;
				INFOPLIST_FILE = CircleTransitionUITests/Info.plist;
				LD_RUNPATH_SEARCH_PATHS = (
					"$(inherited)",
					"@executable_path/Frameworks",
					"@loader_path/Frameworks",
				);
				PRODUCT_BUNDLE_IDENTIFIER = Maltagliati.CircleTransitionUITests;
				PRODUCT_NAME = "$(TARGET_NAME)";
				SWIFT_VERSION = 5.0;
				TARGETED_DEVICE_FAMILY = "1,2";
				TEST_TARGET_NAME = CircleTransition;
			};
			name = Release;
		};
/* End XCBuildConfiguration section */

/* Begin XCConfigurationList section */
		9712F950255DF0E5002A268F /* Build configuration list for PBXProject "CircleTransition" */ = {
			isa = XCConfigurationList;
			buildConfigurations = (
				9712F978255DF0E6002A268F /* Debug */,
				9712F979255DF0E6002A268F /* Release */,
			);
			defaultConfigurationIsVisible = 0;
			defaultConfigurationName = Release;
		};
		9712F97A255DF0E6002A268F /* Build configuration list for PBXNativeTarget "CircleTransition" */ = {
			isa = XCConfigurationList;
			buildConfigurations = (
				9712F97B255DF0E6002A268F /* Debug */,
				9712F97C255DF0E6002A268F /* Release */,
			);
			defaultConfigurationIsVisible = 0;
			defaultConfigurationName = Release;
		};
		9712F97D255DF0E6002A268F /* Build configuration list for PBXNativeTarget "CircleTransitionTests" */ = {
			isa = XCConfigurationList;
			buildConfigurations = (
				9712F97E255DF0E6002A268F /* Debug */,
				9712F97F255DF0E6002A268F /* Release */,
			);
			defaultConfigurationIsVisible = 0;
			defaultConfigurationName = Release;
		};
		9712F980255DF0E6002A268F /* Build configuration list for PBXNativeTarget "CircleTransitionUITests" */ = {
			isa = XCConfigurationList;
			buildConfigurations = (
				9712F981255DF0E6002A268F /* Debug */,
				9712F982255DF0E6002A268F /* Release */,
			);
			defaultConfigurationIsVisible = 0;
			defaultConfigurationName = Release;
		};
/* End XCConfigurationList section */
	};
	rootObject = 9712F94D255DF0E5002A268F /* Project object */;
}
